
Microsoft Visual Studio Solution File, Format Version 12.00
# Visual Studio Version 16
VisualStudioVersion = 16.0.30509.190
MinimumVisualStudioVersion = 10.0.40219.1
Project("{9A19103F-16F7-4668-BE54-9A1E7A4F7556}") = "NuevoBlazorNet5.Server", "NuevoBlazorNet5\Server\NuevoBlazorNet5.Server.csproj", "{21541FA2-6A12-4700-8416-DF19273399D8}"
EndProject
Project("{9A19103F-16F7-4668-BE54-9A1E7A4F7556}") = "NuevoBlazorNet5.Client", "NuevoBlazorNet5\Client\NuevoBlazorNet5.Client.csproj", "{0C881D1B-746D-4270-8DB6-5CB45943C394}"
EndProject
Project("{9A19103F-16F7-4668-BE54-9A1E7A4F7556}") = "NuevoBlazorNet5.Shared", "NuevoBlazorNet5\Shared\NuevoBlazorNet5.Shared.csproj", "{98692FD5-68EC-4A5E-A092-904DED7D31AF}"
EndProject
Project("{9A19103F-16F7-4668-BE54-9A1E7A4F7556}") = "Utilidades", "Utilidades\Utilidades.csproj", "{B231018A-F375-439C-A6DF-1173736013C3}"
EndProject
Project("{9A19103F-16F7-4668-BE54-9A1E7A4F7556}") = "BlazorApp1", "BlazorApp1\BlazorApp1.csproj", "{E40AF967-75CB-43CB-8EE1-6A2275FB7C7F}"
EndProject
Project("{9A19103F-16F7-4668-BE54-9A1E7A4F7556}") = "CounterAssembly", "CounterAssembly\CounterAssembly.csproj", "{F623E33E-56C5-4AFC-BEE1-B54F510DBBC2}"
EndProject
Project("{9A19103F-16F7-4668-BE54-9A1E7A4F7556}") = "BlazorServer", "BlazorServer\BlazorServer.csproj", "{BC0B08B9-4940-4291-AC3D-166A0BF9FB6B}"
EndProject
Global
	GlobalSection(SolutionConfigurationPlatforms) = preSolution
		Debug|Any CPU = Debug|Any CPU
		Release|Any CPU = Release|Any CPU
	EndGlobalSection
	GlobalSection(ProjectConfigurationPlatforms) = postSolution
		{21541FA2-6A12-4700-8416-DF19273399D8}.Debug|Any CPU.ActiveCfg = Debug|Any CPU
		{21541FA2-6A12-4700-8416-DF19273399D8}.Debug|Any CPU.Build.0 = Debug|Any CPU
		{21541FA2-6A12-4700-8416-DF19273399D8}.Release|Any CPU.ActiveCfg = Release|Any CPU
		{21541FA2-6A12-4700-8416-DF19273399D8}.Release|Any CPU.Build.0 = Release|Any CPU
		{0C881D1B-746D-4270-8DB6-5CB45943C394}.Debug|Any CPU.ActiveCfg = Debug|Any CPU
		{0C881D1B-746D-4270-8DB6-5CB45943C394}.Debug|Any CPU.Build.0 = Debug|Any CPU
		{0C881D1B-746D-4270-8DB6-5CB45943C394}.Release|Any CPU.ActiveCfg = Release|Any CPU
		{0C881D1B-746D-4270-8DB6-5CB45943C394}.Release|Any CPU.Build.0 = Release|Any CPU
		{98692FD5-68EC-4A5E-A092-904DED7D31AF}.Debug|Any CPU.ActiveCfg = Debug|Any CPU
		{98692FD5-68EC-4A5E-A092-904DED7D31AF}.Debug|Any CPU.Build.0 = Debug|Any CPU
		{98692FD5-68EC-4A5E-A092-904DED7D31AF}.Release|Any CPU.ActiveCfg = Release|Any CPU
		{98692FD5-68EC-4A5E-A092-904DED7D31AF}.Release|Any CPU.Build.0 = Release|Any CPU
		{B231018A-F375-439C-A6DF-1173736013C3}.Debug|Any CPU.ActiveCfg = Debug|Any CPU
		{B231018A-F375-439C-A6DF-1173736013C3}.Debug|Any CPU.Build.0 = Debug|Any CPU
		{B231018A-F375-439C-A6DF-1173736013C3}.Release|Any CPU.ActiveCfg = Release|Any CPU
		{B231018A-F375-439C-A6DF-1173736013C3}.Release|Any CPU.Build.0 = Release|Any CPU
		{E40AF967-75CB-43CB-8EE1-6A2275FB7C7F}.Debug|Any CPU.ActiveCfg = Debug|Any CPU
		{E40AF967-75CB-43CB-8EE1-6A2275FB7C7F}.Debug|Any CPU.Build.0 = Debug|Any CPU
		{E40AF967-75CB-43CB-8EE1-6A2275FB7C7F}.Release|Any CPU.ActiveCfg = Release|Any CPU
		{E40AF967-75CB-43CB-8EE1-6A2275FB7C7F}.Release|Any CPU.Build.0 = Release|Any CPU
		{F623E33E-56C5-4AFC-BEE1-B54F510DBBC2}.Debug|Any CPU.ActiveCfg = Debug|Any CPU
		{F623E33E-56C5-4AFC-BEE1-B54F510DBBC2}.Debug|Any CPU.Build.0 = Debug|Any CPU
		{F623E33E-56C5-4AFC-BEE1-B54F510DBBC2}.Release|Any CPU.ActiveCfg = Release|Any CPU
		{F623E33E-56C5-4AFC-BEE1-B54F510DBBC2}.Release|Any CPU.Build.0 = Release|Any CPU
		{BC0B08B9-4940-4291-AC3D-166A0BF9FB6B}.Debug|Any CPU.ActiveCfg = Debug|Any CPU
		{BC0B08B9-4940-4291-AC3D-166A0BF9FB6B}.Debug|Any CPU.Build.0 = Debug|Any CPU
		{BC0B08B9-4940-4291-AC3D-166A0BF9FB6B}.Release|Any CPU.ActiveCfg = Release|Any CPU
		{BC0B08B9-4940-4291-AC3D-166A0BF9FB6B}.Release|Any CPU.Build.0 = Release|Any CPU
	EndGlobalSection
	GlobalSection(SolutionProperties) = preSolution
		HideSolutionNode = FALSE
	EndGlobalSection
	GlobalSection(ExtensibilityGlobals) = postSolution
		SolutionGuid = {287C9FD5-B65B-4666-9232-6EC6DB8E765C}
	EndGlobalSection
EndGlobal
